# THIS IS AN AUTOGENERATED FILE. DO NOT EDIT THIS FILE DIRECTLY.
# yarn lockfile v1


"@babel/helper-plugin-utils@^7.12.13":
  version "7.13.0"
  resolved "https://registry.yarnpkg.com/@babel/helper-plugin-utils/-/helper-plugin-utils-7.13.0.tgz#806526ce125aed03373bc416a828321e3a6a33af"
  integrity sha512-ZPafIPSwzUlAoWT8DKs1W2VyF2gOWthGd5NGFMsBcMMol+ZhK+EQY/e6V96poa6PA/Bh+C9plWN0hXO1uB8AfQ==

"@babel/plugin-transform-object-assign@^7.10.4":
  version "7.12.13"
  resolved "https://registry.yarnpkg.com/@babel/plugin-transform-object-assign/-/plugin-transform-object-assign-7.12.13.tgz#d9b9200a69e03403a813e44a933ad9f4bddfd050"
  integrity sha512-4QxDMc0lAOkIBSfCrnSGbAJ+4epDBF2XXwcLXuBcG1xl9u7LrktNVD4+LwhL47XuKVPQ7R25e/WdcV+h97HyZA==
  dependencies:
    "@babel/helper-plugin-utils" "^7.12.13"

"@egjs/hammerjs@^2.0.17":
  version "2.0.17"
  resolved "https://registry.yarnpkg.com/@egjs/hammerjs/-/hammerjs-2.0.17.tgz#5dc02af75a6a06e4c2db0202cae38c9263895124"
  integrity sha512-XQsZgjm2EcVUiZQf11UBJQfmZeEmOW8DpI1gsFeln6w0ae0ii4dMQEQ0kjl6DspdWX1aGY1/loyXnP0JS06e/A==
  dependencies:
    "@types/hammerjs" "^2.0.36"

"@react-native-community/masked-view@^0.1.10":
  version "0.1.10"
  resolved "https://registry.yarnpkg.com/@react-native-community/masked-view/-/masked-view-0.1.10.tgz#5dda643e19e587793bc2034dd9bf7398ad43d401"
  integrity sha512-rk4sWFsmtOw8oyx8SD3KSvawwaK7gRBSEIy2TAwURyGt+3TizssXP1r8nx3zY+R7v2vYYHXZ+k2/GULAT/bcaQ==

"@react-navigation/core@^3.7.9":
  version "3.7.9"
  resolved "https://registry.yarnpkg.com/@react-navigation/core/-/core-3.7.9.tgz#3f7ba0fcb6c8d74a77a057382af198d84c7c4e3b"
  integrity sha512-EknbzM8OI9A5alRxXtQRV5Awle68B+z1QAxNty5DxmlS3BNfmduWNGnim159ROyqxkuDffK9L/U/Tbd45mx+Jg==
  dependencies:
    hoist-non-react-statics "^3.3.2"
    path-to-regexp "^1.8.0"
    query-string "^6.13.6"
    react-is "^16.13.0"

"@react-navigation/native@^3.8.4":
  version "3.8.4"
  resolved "https://registry.yarnpkg.com/@react-navigation/native/-/native-3.8.4.tgz#4d77f86506364ecf18b33c7f8740afb6763d0b37"
  integrity sha512-gXSVcL7bfFDyVkvyg1FiAqTCIgZub5K1X/TZqURBs2CPqDpfX1OsCtB9D33eTF14SpbfgHW866btqrrxoCACfg==
  dependencies:
    hoist-non-react-statics "^3.3.2"
    react-native-safe-area-view "^0.14.9"

"@types/component-emitter@^1.2.10":
  version "1.2.10"
  resolved "https://registry.yarnpkg.com/@types/component-emitter/-/component-emitter-1.2.10.tgz#ef5b1589b9f16544642e473db5ea5639107ef3ea"
  integrity sha512-bsjleuRKWmGqajMerkzox19aGbscQX5rmmvvXl3wlIp5gMG1HgkiwPxsN5p070fBDKTNSPgojVbuY1+HWMbFhg==

"@types/cookie@^0.4.0":
  version "0.4.0"
  resolved "https://registry.yarnpkg.com/@types/cookie/-/cookie-0.4.0.tgz#14f854c0f93d326e39da6e3b6f34f7d37513d108"
  integrity sha512-y7mImlc/rNkvCRmg8gC3/lj87S7pTUIJ6QGjwHR9WQJcFs+ZMTOaoPrkdFA/YdbuqVEmEbb5RdhVxMkAcgOnpg==

"@types/cors@^2.8.8":
  version "2.8.10"
  resolved "https://registry.yarnpkg.com/@types/cors/-/cors-2.8.10.tgz#61cc8469849e5bcdd0c7044122265c39cec10cf4"
  integrity sha512-C7srjHiVG3Ey1nR6d511dtDkCEjxuN9W1HWAEjGq8kpcwmNM6JJkpC0xvabM7BXTG2wDq8Eu33iH9aQKa7IvLQ==

"@types/hammerjs@^2.0.36":
  version "2.0.39"
  resolved "https://registry.yarnpkg.com/@types/hammerjs/-/hammerjs-2.0.39.tgz#4be64bbacf3813c79c0dab895c6b0fdc7d5e513f"
  integrity sha512-lYR2Y/tV2ujpk/WyUc7S0VLI0a9hrtVIN9EwnrNo5oSEJI2cK2/XrgwOQmXLL3eTulOESvh9qP6si9+DWM9cOA==

"@types/node@>=10.0.0":
  version "14.14.35"
  resolved "https://registry.yarnpkg.com/@types/node/-/node-14.14.35.tgz#42c953a4e2b18ab931f72477e7012172f4ffa313"
  integrity sha512-Lt+wj8NVPx0zUmUwumiVXapmaLUcAk3yPuHCFVXras9k5VT9TdhJqKqGVUQCD60OTMCl0qxJ57OiTL0Mic3Iag==

accepts@~1.3.4:
  version "1.3.7"
  resolved "https://registry.yarnpkg.com/accepts/-/accepts-1.3.7.tgz#531bc726517a3b2b41f850021c6cc15eaab507cd"
  integrity sha512-Il80Qs2WjYlJIBNzNkK6KYqlVMTbZLXgHx2oT0pU/fjRHyEp+PEfEPY0R3WCwAGVOtauxh1hOxNgIf5bv7dQpA==
  dependencies:
    mime-types "~2.1.24"
    negotiator "0.6.2"

asap@~2.0.3:
  version "2.0.6"
  resolved "https://registry.yarnpkg.com/asap/-/asap-2.0.6.tgz#e50347611d7e690943208bbdafebcbc2fb866d46"
  integrity sha1-5QNHYR1+aQlDIIu9r+vLwvuGbUY=

base64-arraybuffer@0.1.4:
  version "0.1.4"
  resolved "https://registry.yarnpkg.com/base64-arraybuffer/-/base64-arraybuffer-0.1.4.tgz#9818c79e059b1355f97e0428a017c838e90ba812"
  integrity sha1-mBjHngWbE1X5fgQooBfIOOkLqBI=

base64id@2.0.0, base64id@~2.0.0:
  version "2.0.0"
  resolved "https://registry.yarnpkg.com/base64id/-/base64id-2.0.0.tgz#2770ac6bc47d312af97a8bf9a634342e0cd25cb6"
  integrity sha512-lGe34o6EHj9y3Kts9R4ZYs/Gr+6N7MCaMlIFA3F1R2O5/m7K06AxfSeO5530PEERE6/WyEg3lsuyw4GHlPZHog==

color-convert@^1.9.1:
  version "1.9.3"
  resolved "https://registry.yarnpkg.com/color-convert/-/color-convert-1.9.3.tgz#bb71850690e1f136567de629d2d5471deda4c1e8"
  integrity sha512-QfAUtd+vFdAtFQcC8CCyYt1fYWxSqAiK2cSD6zDB8N3cpsEBAvRxp9zOGg6G/SHHJYAT88/az/IuDGALsNVbGg==
  dependencies:
    color-name "1.1.3"

color-name@1.1.3:
  version "1.1.3"
  resolved "https://registry.yarnpkg.com/color-name/-/color-name-1.1.3.tgz#a7d0558bd89c42f795dd42328f740831ca53bc25"
  integrity sha1-p9BVi9icQveV3UIyj3QIMcpTvCU=

color-name@^1.0.0:
  version "1.1.4"
  resolved "https://registry.yarnpkg.com/color-name/-/color-name-1.1.4.tgz#c2a09a87acbde69543de6f63fa3995c826c536a2"
  integrity sha512-dOy+3AuW3a2wNbZHIuMZpTcgjGuLU/uBL/ubcZF9OXbDo8ff4O8yVp5Bf0efS8uEoYo5q4Fx7dY9OgQGXgAsQA==

color-string@^1.5.4:
  version "1.5.5"
  resolved "https://registry.yarnpkg.com/color-string/-/color-string-1.5.5.tgz#65474a8f0e7439625f3d27a6a19d89fc45223014"
  integrity sha512-jgIoum0OfQfq9Whcfc2z/VhCNcmQjWbey6qBX0vqt7YICflUmBCh9E9CiQD5GSJ+Uehixm3NUwHVhqUAWRivZg==
  dependencies:
    color-name "^1.0.0"
    simple-swizzle "^0.2.2"

color@^3.1.3:
  version "3.1.3"
  resolved "https://registry.yarnpkg.com/color/-/color-3.1.3.tgz#ca67fb4e7b97d611dcde39eceed422067d91596e"
  integrity sha512-xgXAcTHa2HeFCGLE9Xs/R82hujGtu9Jd9x4NW3T34+OMs7VoPsjwzRczKHvTAHeJwWFwX5j15+MgAppE8ztObQ==
  dependencies:
    color-convert "^1.9.1"
    color-string "^1.5.4"

component-emitter@~1.3.0:
  version "1.3.0"
  resolved "https://registry.yarnpkg.com/component-emitter/-/component-emitter-1.3.0.tgz#16e4070fba8ae29b679f2215853ee181ab2eabc0"
  integrity sha512-Rd3se6QB+sO1TwqZjscQrurpEPIfO0/yYnSin6Q/rD3mOutHvUrCAhJub3r90uNb+SESBuE0QYoB90YdfatsRg==

cookie@~0.4.1:
  version "0.4.1"
  resolved "https://registry.yarnpkg.com/cookie/-/cookie-0.4.1.tgz#afd713fe26ebd21ba95ceb61f9a8116e50a537d1"
  integrity sha512-ZwrFkGJxUR3EIoXtO+yVE69Eb7KlixbaeAWfBQB9vVsNn/o+Yw69gBWSSDK825hQNdN+wF8zELf3dFNl/kxkUA==

cors@~2.8.5:
  version "2.8.5"
  resolved "https://registry.yarnpkg.com/cors/-/cors-2.8.5.tgz#eac11da51592dd86b9f06f6e7ac293b3df875d29"
  integrity sha512-KIHbLJqu73RGr/hnbrO9uBeixNGuvSQjul/jdFvS/KFSIH1hWVd1ng7zOHx+YrEfInLG7q4n6GHQ9cDtxv/P6g==
  dependencies:
    object-assign "^4"
    vary "^1"

cross-fetch@^3.0.4:
  version "3.1.2"
  resolved "https://registry.yarnpkg.com/cross-fetch/-/cross-fetch-3.1.2.tgz#ee0c2f18844c4fde36150c2a4ddc068d20c1bc41"
  integrity sha512-+JhD65rDNqLbGmB3Gzs3HrEKC0aQnD+XA3SY6RjgkF88jV2q5cTc5+CwxlS3sdmLk98gpPt5CF9XRnPdlxZe6w==
  dependencies:
    node-fetch "2.6.1"

debug@~4.3.1:
  version "4.3.4"
  resolved "https://registry.yarnpkg.com/debug/-/debug-4.3.4.tgz#1319f6579357f2338d3337d2cdd4914bb5dcc865"
  integrity sha512-PRWFHuSU3eDtQJPvnNY7Jcket1j0t5OuOsFzPPzsekD52Zl8qUfFIPEiswXqIvHWGVHOgX+7G/vCNNhehwxfkQ==
  dependencies:
    ms "2.1.2"

decode-uri-component@^0.2.0:
  version "0.2.0"
  resolved "https://registry.yarnpkg.com/decode-uri-component/-/decode-uri-component-0.2.0.tgz#eb3913333458775cb84cd1a1fae062106bb87545"
  integrity sha1-6zkTMzRYd1y4TNGh+uBiEGu4dUU=

engine.io-parser@~4.0.0:
  version "4.0.2"
  resolved "https://registry.yarnpkg.com/engine.io-parser/-/engine.io-parser-4.0.2.tgz#e41d0b3fb66f7bf4a3671d2038a154024edb501e"
  integrity sha512-sHfEQv6nmtJrq6TKuIz5kyEKH/qSdK56H/A+7DnAuUPWosnIZAS2NHNcPLmyjtY3cGS/MqJdZbUjW97JU72iYg==
  dependencies:
    base64-arraybuffer "0.1.4"

engine.io@~5.0.0:
  version "5.0.0"
  resolved "https://registry.yarnpkg.com/engine.io/-/engine.io-5.0.0.tgz#470dc94a8a4907fa4d2cd1fa6611426afcee61bf"
  integrity sha512-BATIdDV3H1SrE9/u2BAotvsmjJg0t1P4+vGedImSs1lkFAtQdvk4Ev1y4LDiPF7BPWgXWEG+NDY+nLvW3UrMWw==
  dependencies:
    accepts "~1.3.4"
    base64id "2.0.0"
    cookie "~0.4.1"
    cors "~2.8.5"
    debug "~4.3.1"
    engine.io-parser "~4.0.0"
    ws "~7.4.2"

fbjs-css-vars@^1.0.0:
  version "1.0.2"
  resolved "https://registry.yarnpkg.com/fbjs-css-vars/-/fbjs-css-vars-1.0.2.tgz#216551136ae02fe255932c3ec8775f18e2c078b8"
  integrity sha512-b2XGFAFdWZWg0phtAWLHCk836A1Xann+I+Dgd3Gk64MHKZO44FfoD1KxyvbSh0qZsIoXQGGlVztIY+oitJPpRQ==

fbjs@^3.0.0:
  version "3.0.0"
  resolved "https://registry.yarnpkg.com/fbjs/-/fbjs-3.0.0.tgz#0907067fb3f57a78f45d95f1eacffcacd623c165"
  integrity sha512-dJd4PiDOFuhe7vk4F80Mba83Vr2QuK86FoxtgPmzBqEJahncp+13YCmfoa53KHCo6OnlXLG7eeMWPfB5CrpVKg==
  dependencies:
    cross-fetch "^3.0.4"
    fbjs-css-vars "^1.0.0"
    loose-envify "^1.0.0"
    object-assign "^4.1.0"
    promise "^7.1.1"
    setimmediate "^1.0.5"
    ua-parser-js "^0.7.18"

filter-obj@^1.1.0:
  version "1.1.0"
  resolved "https://registry.yarnpkg.com/filter-obj/-/filter-obj-1.1.0.tgz#9b311112bc6c6127a16e016c6c5d7f19e0805c5b"
  integrity sha1-mzERErxsYSehbgFsbF1/GeCAXFs=

hoist-non-react-statics@^2.3.1:
  version "2.5.5"
  resolved "https://registry.yarnpkg.com/hoist-non-react-statics/-/hoist-non-react-statics-2.5.5.tgz#c5903cf409c0dfd908f388e619d86b9c1174cb47"
  integrity sha512-rqcy4pJo55FTTLWt+bU8ukscqHeE/e9KWvsOW2b/a3afxQZhwkQdT1rPPCJ0rYXdj4vNcasY8zHTH+jF/qStxw==

hoist-non-react-statics@^3.3.0, hoist-non-react-statics@^3.3.2:
  version "3.3.2"
  resolved "https://registry.yarnpkg.com/hoist-non-react-statics/-/hoist-non-react-statics-3.3.2.tgz#ece0acaf71d62c2969c2ec59feff42a4b1a85b45"
  integrity sha512-/gGivxi8JPKWNm/W0jSmzcMPpfpPLc3dY/6GxhX2hQ9iGj3aDfklV4ET7NjKpSinLpJ5vafa9iiGIEZg10SfBw==
  dependencies:
    react-is "^16.7.0"

invariant@^2.2.4:
  version "2.2.4"
  resolved "https://registry.yarnpkg.com/invariant/-/invariant-2.2.4.tgz#610f3c92c9359ce1db616e538008d23ff35158e6"
  integrity sha512-phJfQVBuaJM5raOpJjSfkiD6BpbCE4Ns//LaXl6wGYtUBY83nWS6Rf9tXm2e8VaK60JEjYldbPif/A2B1C2gNA==
  dependencies:
    loose-envify "^1.0.0"

is-arrayish@^0.3.1:
  version "0.3.2"
  resolved "https://registry.yarnpkg.com/is-arrayish/-/is-arrayish-0.3.2.tgz#4574a2ae56f7ab206896fb431eaeed066fdf8f03"
  integrity sha512-eVRqCvVlZbuw3GrM63ovNSNAeA1K16kaR/LRY/92w0zxQ5/1YzwblUX652i4Xs9RwAGjW9d9y6X88t8OaAJfWQ==

isarray@0.0.1:
  version "0.0.1"
  resolved "https://registry.yarnpkg.com/isarray/-/isarray-0.0.1.tgz#8a18acfca9a8f4177e09abfc6038939b05d1eedf"
  integrity sha1-ihis/Kmo9Bd+Cav8YDiTmwXR7t8=

"js-tokens@^3.0.0 || ^4.0.0":
  version "4.0.0"
  resolved "https://registry.yarnpkg.com/js-tokens/-/js-tokens-4.0.0.tgz#19203fb59991df98e3a287050d4647cdeaf32499"
  integrity sha512-RdJUflcE3cUzKiMqQgsCu06FPu9UdIJO0beYbPhHN4k6apgJtifcoCtT9bcxOpYBtpD2kCM6Sbzg4CausW/PKQ==

loose-envify@^1.0.0, loose-envify@^1.4.0:
  version "1.4.0"
  resolved "https://registry.yarnpkg.com/loose-envify/-/loose-envify-1.4.0.tgz#71ee51fa7be4caec1a63839f7e682d8132d30caf"
  integrity sha512-lyuxPGr/Wfhrlem2CL/UcnUc1zcqKAImBDzukY7Y5F/yQiNdko6+fRLevlw1HgMySw7f611UIY408EtxRSoK3Q==
  dependencies:
    js-tokens "^3.0.0 || ^4.0.0"

mime-db@1.46.0:
  version "1.46.0"
  resolved "https://registry.yarnpkg.com/mime-db/-/mime-db-1.46.0.tgz#6267748a7f799594de3cbc8cde91def349661cee"
  integrity sha512-svXaP8UQRZ5K7or+ZmfNhg2xX3yKDMUzqadsSqi4NCH/KomcH75MAMYAGVlvXn4+b/xOPhS3I2uHKRUzvjY7BQ==

mime-types@~2.1.24:
  version "2.1.29"
  resolved "https://registry.yarnpkg.com/mime-types/-/mime-types-2.1.29.tgz#1d4ab77da64b91f5f72489df29236563754bb1b2"
  integrity sha512-Y/jMt/S5sR9OaqteJtslsFZKWOIIqMACsJSiHghlCAyhf7jfVYjKBmLiX8OgpWeW+fjJ2b+Az69aPFPkUOY6xQ==
  dependencies:
    mime-db "1.46.0"

mockdate@^3.0.2:
  version "3.0.4"
  resolved "https://registry.yarnpkg.com/mockdate/-/mockdate-3.0.4.tgz#5877d22ae875ee369b5fe83539b24d951392a134"
  integrity sha512-+28mhttmiwVeTNruWh0m1iVdYKkkpLlmBszjpuHsOBNYppfx+eFnwIRjtoL3zzUfD4sq1Hg7t9r9lImLSuh1lg==

ms@2.1.2:
  version "2.1.2"
  resolved "https://registry.yarnpkg.com/ms/-/ms-2.1.2.tgz#d09d1f357b443f493382a8eb3ccd183872ae6009"
  integrity sha512-sGkPx+VjMtmA6MX27oA4FBFELFCZZ4S4XqeGOXCv68tT+jb3vk/RyaKWP0PTKyWtmLSM0b+adUTEvbs1PEaH2w==

negotiator@0.6.2:
  version "0.6.2"
  resolved "https://registry.yarnpkg.com/negotiator/-/negotiator-0.6.2.tgz#feacf7ccf525a77ae9634436a64883ffeca346fb"
  integrity sha512-hZXc7K2e+PgeI1eDBe/10Ard4ekbfrrqG8Ep+8Jmf4JID2bNg7NvCPOZN+kfF574pFQI7mum2AUqDidoKqcTOw==

node-fetch@2.6.1:
  version "2.6.1"
  resolved "https://registry.yarnpkg.com/node-fetch/-/node-fetch-2.6.1.tgz#045bd323631f76ed2e2b55573394416b639a0052"
  integrity sha512-V4aYg89jEoVRxRb2fJdAg8FHvI7cEyYdVAh94HH0UIK8oJxUfkjlDQN9RbMx+bEjP7+ggMiFRprSti032Oipxw==

object-assign@^4, object-assign@^4.1.0, object-assign@^4.1.1:
  version "4.1.1"
  resolved "https://registry.yarnpkg.com/object-assign/-/object-assign-4.1.1.tgz#2109adc7965887cfc05cbbd442cac8bfbb360863"
  integrity sha1-IQmtx5ZYh8/AXLvUQsrIv7s2CGM=

path-to-regexp@^1.8.0:
  version "1.8.0"
  resolved "https://registry.yarnpkg.com/path-to-regexp/-/path-to-regexp-1.8.0.tgz#887b3ba9d84393e87a0a0b9f4cb756198b53548a"
  integrity sha512-n43JRhlUKUAlibEJhPeir1ncUID16QnEjNpwzNdO3Lm4ywrBpBZ5oLD0I6br9evr1Y9JTqwRtAh7JLoOzAQdVA==
  dependencies:
    isarray "0.0.1"

promise@^7.1.1:
  version "7.3.1"
  resolved "https://registry.yarnpkg.com/promise/-/promise-7.3.1.tgz#064b72602b18f90f29192b8b1bc418ffd1ebd3bf"
  integrity sha512-nolQXZ/4L+bP/UGlkfaIujX9BKxGwmQ9OT4mOt5yvy8iK1h3wqTEJCijzGANTCCl9nWjY41juyAn2K3Q1hLLTg==
  dependencies:
    asap "~2.0.3"

prop-types@^15.7.2:
  version "15.7.2"
  resolved "https://registry.yarnpkg.com/prop-types/-/prop-types-15.7.2.tgz#52c41e75b8c87e72b9d9360e0206b99dcbffa6c5"
  integrity sha512-8QQikdH7//R2vurIJSutZ1smHYTcLpRWEOlHnzcWHmBYrOGUysKwSsrC89BCiFj3CbrfJ/nXFdJepOVrY1GCHQ==
  dependencies:
    loose-envify "^1.4.0"
    object-assign "^4.1.1"
    react-is "^16.8.1"

query-string@^6.13.6:
  version "6.14.1"
  resolved "https://registry.yarnpkg.com/query-string/-/query-string-6.14.1.tgz#7ac2dca46da7f309449ba0f86b1fd28255b0c86a"
  integrity sha512-XDxAeVmpfu1/6IjyT/gXHOl+S0vQ9owggJ30hhWKdHAsNPOcasn5o9BW0eejZqL2e4vMjhAxoW3jVHcD6mbcYw==
  dependencies:
    decode-uri-component "^0.2.0"
    filter-obj "^1.1.0"
    split-on-first "^1.0.0"
    strict-uri-encode "^2.0.0"

react-is@^16.13.0, react-is@^16.7.0, react-is@^16.8.1:
  version "16.13.1"
  resolved "https://registry.yarnpkg.com/react-is/-/react-is-16.13.1.tgz#789729a4dc36de2999dc156dd6c1d9c18cea56a4"
  integrity sha512-24e6ynE2H+OKt4kqsOvNd8kBpV65zoxbA4BVsEOB3ARVWQki/DHzaUoC5KuON/BiccDaCCTZBuOcfZs70kR8bQ==

react-native-gesture-handler@^1.10.3:
  version "1.10.3"
  resolved "https://registry.yarnpkg.com/react-native-gesture-handler/-/react-native-gesture-handler-1.10.3.tgz#942bbf2963bbf49fa79593600ee9d7b5dab3cfc0"
  integrity sha512-cBGMi1IEsIVMgoox4RvMx7V2r6bNKw0uR1Mu1o7NbuHS6BRSVLq0dP34l2ecnPlC+jpWd3le6Yg1nrdCjby2Mw==
  dependencies:
    "@egjs/hammerjs" "^2.0.17"
    fbjs "^3.0.0"
    hoist-non-react-statics "^3.3.0"
    invariant "^2.2.4"
    prop-types "^15.7.2"

react-native-iphone-x-helper@^1.3.0:
  version "1.3.1"
  resolved "https://registry.yarnpkg.com/react-native-iphone-x-helper/-/react-native-iphone-x-helper-1.3.1.tgz#20c603e9a0e765fd6f97396638bdeb0e5a60b010"
  integrity sha512-HOf0jzRnq2/aFUcdCJ9w9JGzN3gdEg0zFE4FyYlp4jtidqU03D5X7ZegGKfT1EWteR0gPBGp9ye5T5FvSWi9Yg==

react-native-reanimated@^2.0.0:
  version "2.0.0"
  resolved "https://registry.yarnpkg.com/react-native-reanimated/-/react-native-reanimated-2.0.0.tgz#0eb2f196e8fde23cf918530074134177aaee8702"
  integrity sha512-kIrdBoXSky7DQ62SOgosgimKM+Lt+SzAaM+ovVpCLBcwUK2aYRfLxa9ffgvKjeH9/n7dONlwEMjbKssGkuyq2Q==
  dependencies:
    "@babel/plugin-transform-object-assign" "^7.10.4"
    fbjs "^3.0.0"
    mockdate "^3.0.2"
    string-hash-64 "^1.0.3"

react-native-safe-area-context@^3.2.0:
  version "3.2.0"
  resolved "https://registry.yarnpkg.com/react-native-safe-area-context/-/react-native-safe-area-context-3.2.0.tgz#06113c6b208f982d68ab5c3cebd199ca93db6941"
  integrity sha512-k2Nty4PwSnrg9HwrYeeE+EYqViYJoOFwEy9LxL5RIRfoqxAq/uQXNGwpUg2/u4gnKpBbEPa9eRh15KKMe/VHkA==

react-native-safe-area-view@^0.14.9:
  version "0.14.9"
  resolved "https://registry.yarnpkg.com/react-native-safe-area-view/-/react-native-safe-area-view-0.14.9.tgz#90ee8383037010d9a5055a97cf97e4c1da1f0c3d"
  integrity sha512-WII/ulhpVyL/qbYb7vydq7dJAfZRBcEhg4/UWt6F6nAKpLa3gAceMOxBxI914ppwSP/TdUsandFy6lkJQE0z4A==
  dependencies:
    hoist-non-react-statics "^2.3.1"

react-native-screens@^2.18.1:
  version "2.18.1"
  resolved "https://registry.yarnpkg.com/react-native-screens/-/react-native-screens-2.18.1.tgz#47b9991c6f762d00d0ed3233e5283d523e859885"
  integrity sha512-r5WZLpmx2hHjC1RgMdPq5YpSU9tEhBpUaZ5M1SUtNIONyiLqQVxabhRCINdebIk4depJiIl7yw2Q85zJyeX6fw==

react-navigation-stack@^2.10.4:
  version "2.10.4"
  resolved "https://registry.yarnpkg.com/react-navigation-stack/-/react-navigation-stack-2.10.4.tgz#377fd6533f8ae0cf5ca5a435a0115851f010306a"
  integrity sha512-3LE1PFsFV9v4PUlZRATMotqs6H7MOOpIKtjyP+l8D1cyzYmsMQh3EFikeDfzGQUXIvy8VyLAMtcEssicQPYvFA==
  dependencies:
    color "^3.1.3"
    react-native-iphone-x-helper "^1.3.0"

react-navigation@^4.4.4:
  version "4.4.4"
  resolved "https://registry.yarnpkg.com/react-navigation/-/react-navigation-4.4.4.tgz#8cda2219196311db440e54998bc724523359949f"
  integrity sha512-08Nzy1aKEd73496CsuzN49vLFmxPKYF5WpKGgGvkQ10clB79IRM2BtAfVl6NgPKuUM8FXq1wCsrjo/c5ftl5og==
  dependencies:
    "@react-navigation/core" "^3.7.9"
    "@react-navigation/native" "^3.8.4"

setimmediate@^1.0.5:
  version "1.0.5"
  resolved "https://registry.yarnpkg.com/setimmediate/-/setimmediate-1.0.5.tgz#290cbb232e306942d7d7ea9b83732ab7856f8285"
  integrity sha1-KQy7Iy4waULX1+qbg3Mqt4VvgoU=

simple-swizzle@^0.2.2:
  version "0.2.2"
  resolved "https://registry.yarnpkg.com/simple-swizzle/-/simple-swizzle-0.2.2.tgz#a4da6b635ffcccca33f70d17cb92592de95e557a"
  integrity sha1-pNprY1/8zMoz9w0Xy5JZLeleVXo=
  dependencies:
    is-arrayish "^0.3.1"

socket.io-adapter@~2.2.0:
  version "2.2.0"
  resolved "https://registry.yarnpkg.com/socket.io-adapter/-/socket.io-adapter-2.2.0.tgz#43af9157c4609e74b8addc6867873ac7eb48fda2"
  integrity sha512-rG49L+FwaVEwuAdeBRq49M97YI3ElVabJPzvHT9S6a2CWhDKnjSFasvwAwSYPRhQzfn4NtDIbCaGYgOCOU/rlg==

socket.io-parser@~4.0.3:
  version "4.0.4"
  resolved "https://registry.yarnpkg.com/socket.io-parser/-/socket.io-parser-4.0.4.tgz#9ea21b0d61508d18196ef04a2c6b9ab630f4c2b0"
  integrity sha512-t+b0SS+IxG7Rxzda2EVvyBZbvFPBCjJoyHuE0P//7OAsN23GItzDRdWa6ALxZI/8R5ygK7jAR6t028/z+7295g==
  dependencies:
    "@types/component-emitter" "^1.2.10"
    component-emitter "~1.3.0"
    debug "~4.3.1"

socket.io@^4.0.0:
  version "4.0.0"
  resolved "https://registry.yarnpkg.com/socket.io/-/socket.io-4.0.0.tgz#ee484a95dc6a38698491aaf63b6ec1f3ceeac0a8"
  integrity sha512-/c1riZMV/4yz7KEpaMhDQbwhJDIoO55whXaRKgyEBQrLU9zUHXo9rzeTMvTOqwL9mbKfHKdrXcMoCeQ/1YtMsg==
  dependencies:
    "@types/cookie" "^0.4.0"
    "@types/cors" "^2.8.8"
    "@types/node" ">=10.0.0"
    accepts "~1.3.4"
    base64id "~2.0.0"
    debug "~4.3.1"
    engine.io "~5.0.0"
    socket.io-adapter "~2.2.0"
    socket.io-parser "~4.0.3"

split-on-first@^1.0.0:
  version "1.1.0"
  resolved "https://registry.yarnpkg.com/split-on-first/-/split-on-first-1.1.0.tgz#f610afeee3b12bce1d0c30425e76398b78249a5f"
  integrity sha512-43ZssAJaMusuKWL8sKUBQXHWOpq8d6CfN/u1p4gUzfJkM05C8rxTmYrkIPTXapZpORA6LkkzcUulJ8FqA7Uudw==

strict-uri-encode@^2.0.0:
  version "2.0.0"
  resolved "https://registry.yarnpkg.com/strict-uri-encode/-/strict-uri-encode-2.0.0.tgz#b9c7330c7042862f6b142dc274bbcc5866ce3546"
  integrity sha1-ucczDHBChi9rFC3CdLvMWGbONUY=

string-hash-64@^1.0.3:
  version "1.0.3"
  resolved "https://registry.yarnpkg.com/string-hash-64/-/string-hash-64-1.0.3.tgz#0deb56df58678640db5c479ccbbb597aaa0de322"
  integrity sha512-D5OKWKvDhyVWWn2x5Y9b+37NUllks34q1dCDhk/vYcso9fmhs+Tl3KR/gE4v5UNj2UA35cnX4KdVVGkG1deKqw==

ua-parser-js@^0.7.18:
  version "0.7.24"
  resolved "https://registry.yarnpkg.com/ua-parser-js/-/ua-parser-js-0.7.24.tgz#8d3ecea46ed4f1f1d63ec25f17d8568105dc027c"
  integrity sha512-yo+miGzQx5gakzVK3QFfN0/L9uVhosXBBO7qmnk7c2iw1IhL212wfA3zbnI54B0obGwC/5NWub/iT9sReMx+Fw==

vary@^1:
  version "1.1.2"
  resolved "https://registry.yarnpkg.com/vary/-/vary-1.1.2.tgz#2299f02c6ded30d4a5961b0b9f74524a18f634fc"
  integrity sha1-IpnwLG3tMNSllhsLn3RSShj2NPw=

ws@~7.4.2:
  version "7.4.4"
  resolved "https://registry.yarnpkg.com/ws/-/ws-7.4.4.tgz#383bc9742cb202292c9077ceab6f6047b17f2d59"
  integrity sha512-Qm8k8ojNQIMx7S+Zp8u/uHOx7Qazv3Yv4q68MiWWWOJhiwG5W3x7iqmRtJo8xxrciZUY4vRxUTJCKuRnF28ZZw==
